
Microsoft Visual Studio Solution File, Format Version 12.00
# Visual Studio Version 16
VisualStudioVersion = 16.0.30907.101
MinimumVisualStudioVersion = 10.0.40219.1
Project("{FAE04EC0-301F-11D3-BF4B-00C04F79EFBC}") = "AT_calc2", "AT_calc2.csproj", "{DEAFFF78-83F7-4133-9B43-ABF7C76749B4}"
EndProject
Global
	GlobalSection(SolutionConfigurationPlatforms) = preSolution
		Debug|Any CPU = Debug|Any CPU
		Release|Any CPU = Release|Any CPU
	EndGlobalSection
	GlobalSection(ProjectConfigurationPlatforms) = postSolution
		{DEAFFF78-83F7-4133-9B43-ABF7C76749B4}.Debug|Any CPU.ActiveCfg = Debug|Any CPU
		{DEAFFF78-83F7-4133-9B43-ABF7C76749B4}.Debug|Any CPU.Build.0 = Debug|Any CPU
		{DEAFFF78-83F7-4133-9B43-ABF7C76749B4}.Release|Any CPU.ActiveCfg = Release|Any CPU
		{DEAFFF78-83F7-4133-9B43-ABF7C76749B4}.Release|Any CPU.Build.0 = Release|Any CPU
	EndGlobalSection
	GlobalSection(SolutionProperties) = preSolution
		HideSolutionNode = FALSE
	EndGlobalSection
	GlobalSection(ExtensibilityGlobals) = postSolution
		SolutionGuid = {A0BE6408-D22F-420D-BAA1-7998177C0052}
	EndGlobalSection
EndGlobal
